
Microsoft Visual Studio Solution File, Format Version 12.00
# Visual Studio 15
VisualStudioVersion = 15.0.27130.2010
MinimumVisualStudioVersion = 10.0.40219.1
Project("{FAE04EC0-301F-11D3-BF4B-00C04F79EFBC}") = "SuggestionBox", "SuggestionBox\SuggestionBox.csproj", "{D94EE3EF-CD84-49FB-BF9B-99ECA5BF3A9C}"
EndProject
Global
	GlobalSection(SolutionConfigurationPlatforms) = preSolution
		Debug|Any CPU = Debug|Any CPU
		Release|Any CPU = Release|Any CPU
	EndGlobalSection
	GlobalSection(ProjectConfigurationPlatforms) = postSolution
		{D94EE3EF-CD84-49FB-BF9B-99ECA5BF3A9C}.Debug|Any CPU.ActiveCfg = Debug|Any CPU
		{D94EE3EF-CD84-49FB-BF9B-99ECA5BF3A9C}.Debug|Any CPU.Build.0 = Debug|Any CPU
		{D94EE3EF-CD84-49FB-BF9B-99ECA5BF3A9C}.Release|Any CPU.ActiveCfg = Release|Any CPU
		{D94EE3EF-CD84-49FB-BF9B-99ECA5BF3A9C}.Release|Any CPU.Build.0 = Release|Any CPU
	EndGlobalSection
	GlobalSection(SolutionProperties) = preSolution
		HideSolutionNode = FALSE
	EndGlobalSection
	GlobalSection(ExtensibilityGlobals) = postSolution
		SolutionGuid = {8687EAD6-32F4-46FD-A3F5-1638278DB1BD}
	EndGlobalSection
EndGlobal
